
Microsoft Visual Studio Solution File, Format Version 12.00
Project("{FAE04EC0-301F-11D3-BF4B-00C04F79EFBC}") = "Weikio.EventFramework.Samples.Client", "Weikio.EventFramework.Samples.Client\Weikio.EventFramework.Samples.Client.csproj", "{14AD2FF3-7248-4285-A736-CB3214966368}"
EndProject
Global
	GlobalSection(SolutionConfigurationPlatforms) = preSolution
		Debug|Any CPU = Debug|Any CPU
		Release|Any CPU = Release|Any CPU
	EndGlobalSection
	GlobalSection(ProjectConfigurationPlatforms) = postSolution
		{14AD2FF3-7248-4285-A736-CB3214966368}.Debug|Any CPU.ActiveCfg = Debug|Any CPU
		{14AD2FF3-7248-4285-A736-CB3214966368}.Debug|Any CPU.Build.0 = Debug|Any CPU
		{14AD2FF3-7248-4285-A736-CB3214966368}.Release|Any CPU.ActiveCfg = Release|Any CPU
		{14AD2FF3-7248-4285-A736-CB3214966368}.Release|Any CPU.Build.0 = Release|Any CPU
	EndGlobalSection
EndGlobal
