
Microsoft Visual Studio Solution File, Format Version 12.00
Project("{FAE04EC0-301F-11D3-BF4B-00C04F79EFBC}") = "Weikio.EventFramework", "Weikio.EventFramework\Weikio.EventFramework.csproj", "{E15A06D3-B60B-4725-944A-3570DC68ECA0}"
EndProject
Project("{FAE04EC0-301F-11D3-BF4B-00C04F79EFBC}") = "Weikio.EventFramework.Abstractions", "Weikio.EventFramework.Abstractions\Weikio.EventFramework.Abstractions.csproj", "{BCB5F301-CE36-46B3-AF9B-4811FBF5B6DD}"
EndProject
Project("{2150E333-8FDC-42A3-9474-1A3956D46DE8}") = "Samples", "Samples", "{9A41116E-CA7C-4013-8BFC-0E2EDB39ECC4}"
EndProject
Project("{FAE04EC0-301F-11D3-BF4B-00C04F79EFBC}") = "Weikio.EventFramework.Samples.CodeConfiguration", "..\samples\Weikio.EventFramework.Samples.CodeConfiguration\Weikio.EventFramework.Samples.CodeConfiguration.csproj", "{75C9F1DD-0DE1-4D0D-991B-99B03409C2E4}"
EndProject
Project("{FAE04EC0-301F-11D3-BF4B-00C04F79EFBC}") = "Weikio.EventFramework.AspNetCore", "Weikio.EventFramework.AspNetCore\Weikio.EventFramework.AspNetCore.csproj", "{523545D3-D54B-4178-B5FA-E57389166EC3}"
EndProject
Project("{FAE04EC0-301F-11D3-BF4B-00C04F79EFBC}") = "CloudNative.CloudEvents", "..\lib\CloudEvents\CloudNative.CloudEvents\CloudNative.CloudEvents.csproj", "{B42F470E-31AF-41BA-9434-114B9693E81D}"
EndProject
Project("{FAE04EC0-301F-11D3-BF4B-00C04F79EFBC}") = "CloudNative.CloudEvents.AspNetCore", "..\lib\CloudEvents\CloudNative.CloudEvents.AspNetCore\CloudNative.CloudEvents.AspNetCore.csproj", "{C4155A31-1DD3-4A4F-8573-689482C2C7B9}"
EndProject
Project("{2150E333-8FDC-42A3-9474-1A3956D46DE8}") = "Dependencies", "Dependencies", "{5023DD17-3127-44A3-A290-FC52B6AE02E2}"
EndProject
Global
	GlobalSection(SolutionConfigurationPlatforms) = preSolution
		Debug|Any CPU = Debug|Any CPU
		Release|Any CPU = Release|Any CPU
	EndGlobalSection
	GlobalSection(ProjectConfigurationPlatforms) = postSolution
		{E15A06D3-B60B-4725-944A-3570DC68ECA0}.Debug|Any CPU.ActiveCfg = Debug|Any CPU
		{E15A06D3-B60B-4725-944A-3570DC68ECA0}.Debug|Any CPU.Build.0 = Debug|Any CPU
		{E15A06D3-B60B-4725-944A-3570DC68ECA0}.Release|Any CPU.ActiveCfg = Release|Any CPU
		{E15A06D3-B60B-4725-944A-3570DC68ECA0}.Release|Any CPU.Build.0 = Release|Any CPU
		{BCB5F301-CE36-46B3-AF9B-4811FBF5B6DD}.Debug|Any CPU.ActiveCfg = Debug|Any CPU
		{BCB5F301-CE36-46B3-AF9B-4811FBF5B6DD}.Debug|Any CPU.Build.0 = Debug|Any CPU
		{BCB5F301-CE36-46B3-AF9B-4811FBF5B6DD}.Release|Any CPU.ActiveCfg = Release|Any CPU
		{BCB5F301-CE36-46B3-AF9B-4811FBF5B6DD}.Release|Any CPU.Build.0 = Release|Any CPU
		{75C9F1DD-0DE1-4D0D-991B-99B03409C2E4}.Debug|Any CPU.ActiveCfg = Debug|Any CPU
		{75C9F1DD-0DE1-4D0D-991B-99B03409C2E4}.Debug|Any CPU.Build.0 = Debug|Any CPU
		{75C9F1DD-0DE1-4D0D-991B-99B03409C2E4}.Release|Any CPU.ActiveCfg = Release|Any CPU
		{75C9F1DD-0DE1-4D0D-991B-99B03409C2E4}.Release|Any CPU.Build.0 = Release|Any CPU
		{523545D3-D54B-4178-B5FA-E57389166EC3}.Debug|Any CPU.ActiveCfg = Debug|Any CPU
		{523545D3-D54B-4178-B5FA-E57389166EC3}.Debug|Any CPU.Build.0 = Debug|Any CPU
		{523545D3-D54B-4178-B5FA-E57389166EC3}.Release|Any CPU.ActiveCfg = Release|Any CPU
		{523545D3-D54B-4178-B5FA-E57389166EC3}.Release|Any CPU.Build.0 = Release|Any CPU
		{B42F470E-31AF-41BA-9434-114B9693E81D}.Debug|Any CPU.ActiveCfg = Debug|Any CPU
		{B42F470E-31AF-41BA-9434-114B9693E81D}.Debug|Any CPU.Build.0 = Debug|Any CPU
		{B42F470E-31AF-41BA-9434-114B9693E81D}.Release|Any CPU.ActiveCfg = Release|Any CPU
		{B42F470E-31AF-41BA-9434-114B9693E81D}.Release|Any CPU.Build.0 = Release|Any CPU
		{C4155A31-1DD3-4A4F-8573-689482C2C7B9}.Debug|Any CPU.ActiveCfg = Debug|Any CPU
		{C4155A31-1DD3-4A4F-8573-689482C2C7B9}.Debug|Any CPU.Build.0 = Debug|Any CPU
		{C4155A31-1DD3-4A4F-8573-689482C2C7B9}.Release|Any CPU.ActiveCfg = Release|Any CPU
		{C4155A31-1DD3-4A4F-8573-689482C2C7B9}.Release|Any CPU.Build.0 = Release|Any CPU
	EndGlobalSection
	GlobalSection(NestedProjects) = preSolution
		{75C9F1DD-0DE1-4D0D-991B-99B03409C2E4} = {9A41116E-CA7C-4013-8BFC-0E2EDB39ECC4}
		{B42F470E-31AF-41BA-9434-114B9693E81D} = {5023DD17-3127-44A3-A290-FC52B6AE02E2}
		{C4155A31-1DD3-4A4F-8573-689482C2C7B9} = {5023DD17-3127-44A3-A290-FC52B6AE02E2}
	EndGlobalSection
EndGlobal
