
Microsoft Visual Studio Solution File, Format Version 12.00
Project("{FAE04EC0-301F-11D3-BF4B-00C04F79EFBC}") = "Weikio.EventFramework", "Weikio.EventFramework\Weikio.EventFramework.csproj", "{E15A06D3-B60B-4725-944A-3570DC68ECA0}"
EndProject
Project("{FAE04EC0-301F-11D3-BF4B-00C04F79EFBC}") = "Weikio.EventFramework.Abstractions", "Weikio.EventFramework.Abstractions\Weikio.EventFramework.Abstractions.csproj", "{BCB5F301-CE36-46B3-AF9B-4811FBF5B6DD}"
EndProject
Project("{2150E333-8FDC-42A3-9474-1A3956D46DE8}") = "Samples", "Samples", "{9A41116E-CA7C-4013-8BFC-0E2EDB39ECC4}"
EndProject
Project("{FAE04EC0-301F-11D3-BF4B-00C04F79EFBC}") = "Weikio.EventFramework.Samples.CodeConfiguration", "..\samples\Weikio.EventFramework.Samples.CodeConfiguration\Weikio.EventFramework.Samples.CodeConfiguration.csproj", "{75C9F1DD-0DE1-4D0D-991B-99B03409C2E4}"
EndProject
Project("{FAE04EC0-301F-11D3-BF4B-00C04F79EFBC}") = "Weikio.EventFramework.AspNetCore", "Weikio.EventFramework.AspNetCore\Weikio.EventFramework.AspNetCore.csproj", "{523545D3-D54B-4178-B5FA-E57389166EC3}"
EndProject
Project("{FAE04EC0-301F-11D3-BF4B-00C04F79EFBC}") = "Weikio.EventFramework.EventSource", "Weikio.EventFramework.EventSource\Weikio.EventFramework.EventSource.csproj", "{F4061501-E075-4A8A-951A-B6A9782A60F5}"
EndProject
Project("{FAE04EC0-301F-11D3-BF4B-00C04F79EFBC}") = "Weikio.EventFramework.EventCreator", "Weikio.EventFramework.EventCreator\Weikio.EventFramework.EventCreator.csproj", "{42C5A117-FE39-4565-AD8F-C4DB948CF15F}"
EndProject
Project("{FAE04EC0-301F-11D3-BF4B-00C04F79EFBC}") = "Weikio.EventFramework.IntegrationTests", "..\tests\integration\Weikio.EventFramework.IntegrationTests\Weikio.EventFramework.IntegrationTests.csproj", "{B2B719A5-2239-403A-8700-DC1458DC9C73}"
EndProject
Project("{FAE04EC0-301F-11D3-BF4B-00C04F79EFBC}") = "EventFrameworkTestBed", "..\tests\integration\WebSites\EventFrameworkTestBed\EventFrameworkTestBed.csproj", "{6E0B6885-4CA4-4C5E-975B-4440363FA8F7}"
EndProject
Project("{2150E333-8FDC-42A3-9474-1A3956D46DE8}") = "Tests", "Tests", "{30403192-0863-4425-AD5E-B218C34615CD}"
EndProject
Project("{2150E333-8FDC-42A3-9474-1A3956D46DE8}") = "WebSites", "WebSites", "{E03DFF5E-E29E-4652-85BC-22F22D049AFF}"
EndProject
Project("{FAE04EC0-301F-11D3-BF4B-00C04F79EFBC}") = "Weikio.EventFramework.Router", "Weikio.EventFramework.Router\Weikio.EventFramework.Router.csproj", "{61259567-A8C5-48A3-9B17-80399AB389D5}"
EndProject
Project("{FAE04EC0-301F-11D3-BF4B-00C04F79EFBC}") = "Weikio.EventFramework.Abstractions.DependencyInjection", "Weikio.EventFramework.Abstractions.DependencyInjection\Weikio.EventFramework.Abstractions.DependencyInjection.csproj", "{544F047C-C48B-4E81-B3C9-7F8413A8424C}"
EndProject
Project("{FAE04EC0-301F-11D3-BF4B-00C04F79EFBC}") = "Weikio.EventFramework.EventAggregator.AspNetCore", "Weikio.EventFramework.EventAggregator.AspNetCore\Weikio.EventFramework.EventAggregator.AspNetCore.csproj", "{DF552E84-7E97-4E7C-B97D-B19C145068C4}"
EndProject
Project("{FAE04EC0-301F-11D3-BF4B-00C04F79EFBC}") = "Weikio.EventFramework.EventAggregator.Core", "Weikio.EventFramework.EventAggregator.Core\Weikio.EventFramework.EventAggregator.Core.csproj", "{B134EA3B-304A-4819-AA44-AD17F68C5158}"
EndProject
Project("{FAE04EC0-301F-11D3-BF4B-00C04F79EFBC}") = "Weikio.EventFramework.Extensions.EventAggregator", "Weikio.EventFramework.Extensions.EventAggregator\Weikio.EventFramework.Extensions.EventAggregator.csproj", "{242E482A-7711-4A2F-8D50-B7358BBC454A}"
EndProject
Project("{FAE04EC0-301F-11D3-BF4B-00C04F79EFBC}") = "Weikio.EventFramework.EventPublisher", "Weikio.EventFramework.EventPublisher\Weikio.EventFramework.EventPublisher.csproj", "{2296BF09-F2C7-44E5-ADC2-9BB7835AAE71}"
EndProject
Project("{FAE04EC0-301F-11D3-BF4B-00C04F79EFBC}") = "Weikio.EventFramework.EventGateway", "Weikio.EventFramework.EventGateway\Weikio.EventFramework.EventGateway.csproj", "{A9EE9848-9D1F-41B6-B90D-C70D41F3A76D}"
EndProject
Project("{2150E333-8FDC-42A3-9474-1A3956D46DE8}") = "Build properties", "Build properties", "{89C7CB79-AEFC-4A18-A54C-DFC265FE9E9B}"
ProjectSection(SolutionItems) = preProject
	Directory.Build.props = Directory.Build.props
EndProjectSection
EndProject
Project("{FAE04EC0-301F-11D3-BF4B-00C04F79EFBC}") = "Weikio.EventFramework.EventGateway.Http", "Weikio.EventFramework.EventGateway.Http\Weikio.EventFramework.EventGateway.Http.csproj", "{E1F88763-FADA-4533-99B2-81307E85A945}"
EndProject
Project("{FAE04EC0-301F-11D3-BF4B-00C04F79EFBC}") = "Weikio.EventFramework.UnitTests", "..\tests\unit\Weikio.EventFramework.UnitTests\Weikio.EventFramework.UnitTests.csproj", "{6B9B635A-3EA5-4C6B-8C2B-7D1E4FC3E71C}"
EndProject
Project("{FAE04EC0-301F-11D3-BF4B-00C04F79EFBC}") = "Weikio.EventFramework.Samples.Gateway", "..\samples\Weikio.EventFramework.Samples.Gateway\Weikio.EventFramework.Samples.Gateway.csproj", "{1BE633F9-9D06-44D0-AD25-F45C6464103A}"
EndProject
Project("{FAE04EC0-301F-11D3-BF4B-00C04F79EFBC}") = "Weikio.EventFramework.Samples.Events", "..\samples\shared\Weikio.EventFramework.Samples.Events\Weikio.EventFramework.Samples.Events.csproj", "{71A4F69C-D1E5-4F0B-8E55-3CF5ADFE1D45}"
EndProject
Project("{2150E333-8FDC-42A3-9474-1A3956D46DE8}") = "Shared", "Shared", "{E25953CA-0390-4DE4-B8AD-BB90076FC71F}"
EndProject
Project("{FAE04EC0-301F-11D3-BF4B-00C04F79EFBC}") = "Weikio.EventFramework.Samples.HttpGateway", "..\samples\Weikio.EventFramework.Samples.HttpGateway\Weikio.EventFramework.Samples.HttpGateway.csproj", "{5D19D205-9A50-4A8A-AC24-6D355FA2F673}"
EndProject
Project("{FAE04EC0-301F-11D3-BF4B-00C04F79EFBC}") = "Weikio.EventFramework.Samples.Client", "..\samples\Weikio.EventFramework.Samples.Client\Weikio.EventFramework.Samples.Client.csproj", "{A8FDF121-8457-4F8D-A592-1FA5A19BC11B}"
EndProject
Project("{FAE04EC0-301F-11D3-BF4B-00C04F79EFBC}") = "Weikio.EventFramework.EventSource.SDK", "Weikio.EventFramework.EventSource.SDK\Weikio.EventFramework.EventSource.SDK.csproj", "{B832135A-C3DC-4AD2-89E1-915AD2136601}"
EndProject
Project("{FAE04EC0-301F-11D3-BF4B-00C04F79EFBC}") = "Weikio.EventFramework.EventSource.Abstractions", "Weikio.EventFramework.EventSource.Abstractions\Weikio.EventFramework.EventSource.Abstractions.csproj", "{C7DD766A-F152-420E-BCDA-B5BB888F1633}"
EndProject
Project("{FAE04EC0-301F-11D3-BF4B-00C04F79EFBC}") = "Weikio.EventFramework.IntegrationTests.ApiFramework", "..\tests\integration\Weikio.EventFramework.IntegrationTests.ApiFramework\Weikio.EventFramework.IntegrationTests.ApiFramework.csproj", "{35623AB4-5E26-45EF-A26F-ACF4581A18AC}"
EndProject
Project("{FAE04EC0-301F-11D3-BF4B-00C04F79EFBC}") = "EventFrameworkWithApiFrameworkTestBed", "..\tests\integration\WebSites\EventFrameworkWithApiFrameworkTestBed\EventFrameworkWithApiFrameworkTestBed.csproj", "{B0225F94-1D94-495A-808F-4AE8391E91E2}"
EndProject
Project("{FAE04EC0-301F-11D3-BF4B-00C04F79EFBC}") = "Weikio.EventFramework.Channels", "Weikio.EventFramework.Channels\Weikio.EventFramework.Channels.csproj", "{896F60D6-E7A9-4B7E-8862-E27D2C1FE97D}"
EndProject
Project("{FAE04EC0-301F-11D3-BF4B-00C04F79EFBC}") = "Weikio.EventFramework.Channels.Dataflow", "Weikio.EventFramework.Channels.Dataflow\Weikio.EventFramework.Channels.Dataflow.csproj", "{7B0B101F-1E46-4DBE-9A46-BA4CF6129DDD}"
EndProject
Project("{FAE04EC0-301F-11D3-BF4B-00C04F79EFBC}") = "Weikio.EventFramework.Channels.Dataflow.UnitTests", "..\tests\unit\Weikio.EventFramework.Channels.Dataflow.UnitTests\Weikio.EventFramework.Channels.Dataflow.UnitTests.csproj", "{C84FC0B5-A213-48FE-BED9-DECF1E920DD8}"
EndProject
Project("{FAE04EC0-301F-11D3-BF4B-00C04F79EFBC}") = "Weikio.EventFramework.Tests.Shared", "..\tests\Shared\Weikio.EventFramework.Tests.Shared\Weikio.EventFramework.Tests.Shared.csproj", "{44D9EB66-49FA-45A6-BDD2-32B2F0E3EF80}"
EndProject
Project("{2150E333-8FDC-42A3-9474-1A3956D46DE8}") = "Shared", "Shared", "{25525962-45A3-40B3-A6F0-5E9542B37000}"
EndProject
Project("{FAE04EC0-301F-11D3-BF4B-00C04F79EFBC}") = "Weikio.EventFramework.Channels.CloudEvents", "Weikio.EventFramework.Channels.CloudEvents\Weikio.EventFramework.Channels.CloudEvents.csproj", "{1BA44FA6-2DEA-4C49-B953-E29945B350C6}"
EndProject
Project("{FAE04EC0-301F-11D3-BF4B-00C04F79EFBC}") = "Weikio.EventFramework.EventDefinition", "Weikio.EventFramework.EventDefinition\Weikio.EventFramework.EventDefinition.csproj", "{F98FB466-21BF-41AB-B034-6179788E6ABC}"
EndProject
Project("{FAE04EC0-301F-11D3-BF4B-00C04F79EFBC}") = "Weikio.EventFramework.Channels.Dataflow.Abstractions", "Weikio.EventFramework.Channels.Dataflow.Abstractions\Weikio.EventFramework.Channels.Dataflow.Abstractions.csproj", "{51E5F17D-9E4B-4A7D-8C49-E0EC9EAAAFC6}"
EndProject
Project("{FAE04EC0-301F-11D3-BF4B-00C04F79EFBC}") = "Weikio.EventFramework.Channels.Abstractions", "Weikio.EventFramework.Channels.Abstractions\Weikio.EventFramework.Channels.Abstractions.csproj", "{11544D87-A5F6-4C84-9018-C3F8ED8150B4}"
EndProject
Project("{FAE04EC0-301F-11D3-BF4B-00C04F79EFBC}") = "Weikio.EventFramework.Channels.CloudEvents.Abstractions", "Weikio.EventFramework.Channels.CloudEvents.Abstractions\Weikio.EventFramework.Channels.CloudEvents.Abstractions.csproj", "{7B5EB874-1C4C-4748-BEBD-971FDF92D7F3}"
EndProject
Project("{FAE04EC0-301F-11D3-BF4B-00C04F79EFBC}") = "Weikio.EventFramework.Samples.EventSource", "..\samples\Weikio.EventFramework.Samples.EventSource\Weikio.EventFramework.Samples.EventSource.csproj", "{0533F0CE-003C-4E0C-9577-B348C5115C66}"
EndProject
Project("{FAE04EC0-301F-11D3-BF4B-00C04F79EFBC}") = "Weikio.EventFramework.EventSource.Plugins.Files", "..\..\EventFramework.EventSource.Plugins.Files\src\Weikio.EventFramework.EventSource.Plugins.Files\Weikio.EventFramework.EventSource.Plugins.Files.csproj", "{43EE1BE3-EBC1-4806-A1E3-143D61985918}"
EndProject
Project("{FAE04EC0-301F-11D3-BF4B-00C04F79EFBC}") = "Weikio.EventFramework.EventSource.DataSources.CosmosDB", "Weikio.EventFramework.EventSource.DataSources.CosmosDB\Weikio.EventFramework.EventSource.DataSources.CosmosDB.csproj", "{AB7FCAC9-0DA1-4C40-8C56-A59D172A9592}"
EndProject
Global
	GlobalSection(SolutionConfigurationPlatforms) = preSolution
		Debug|Any CPU = Debug|Any CPU
		Release|Any CPU = Release|Any CPU
	EndGlobalSection
	GlobalSection(ProjectConfigurationPlatforms) = postSolution
		{E15A06D3-B60B-4725-944A-3570DC68ECA0}.Debug|Any CPU.ActiveCfg = Debug|Any CPU
		{E15A06D3-B60B-4725-944A-3570DC68ECA0}.Debug|Any CPU.Build.0 = Debug|Any CPU
		{E15A06D3-B60B-4725-944A-3570DC68ECA0}.Release|Any CPU.ActiveCfg = Release|Any CPU
		{E15A06D3-B60B-4725-944A-3570DC68ECA0}.Release|Any CPU.Build.0 = Release|Any CPU
		{BCB5F301-CE36-46B3-AF9B-4811FBF5B6DD}.Debug|Any CPU.ActiveCfg = Debug|Any CPU
		{BCB5F301-CE36-46B3-AF9B-4811FBF5B6DD}.Debug|Any CPU.Build.0 = Debug|Any CPU
		{BCB5F301-CE36-46B3-AF9B-4811FBF5B6DD}.Release|Any CPU.ActiveCfg = Release|Any CPU
		{BCB5F301-CE36-46B3-AF9B-4811FBF5B6DD}.Release|Any CPU.Build.0 = Release|Any CPU
		{75C9F1DD-0DE1-4D0D-991B-99B03409C2E4}.Debug|Any CPU.ActiveCfg = Debug|Any CPU
		{75C9F1DD-0DE1-4D0D-991B-99B03409C2E4}.Debug|Any CPU.Build.0 = Debug|Any CPU
		{75C9F1DD-0DE1-4D0D-991B-99B03409C2E4}.Release|Any CPU.ActiveCfg = Release|Any CPU
		{75C9F1DD-0DE1-4D0D-991B-99B03409C2E4}.Release|Any CPU.Build.0 = Release|Any CPU
		{523545D3-D54B-4178-B5FA-E57389166EC3}.Debug|Any CPU.ActiveCfg = Debug|Any CPU
		{523545D3-D54B-4178-B5FA-E57389166EC3}.Debug|Any CPU.Build.0 = Debug|Any CPU
		{523545D3-D54B-4178-B5FA-E57389166EC3}.Release|Any CPU.ActiveCfg = Release|Any CPU
		{523545D3-D54B-4178-B5FA-E57389166EC3}.Release|Any CPU.Build.0 = Release|Any CPU
		{F4061501-E075-4A8A-951A-B6A9782A60F5}.Debug|Any CPU.ActiveCfg = Debug|Any CPU
		{F4061501-E075-4A8A-951A-B6A9782A60F5}.Debug|Any CPU.Build.0 = Debug|Any CPU
		{F4061501-E075-4A8A-951A-B6A9782A60F5}.Release|Any CPU.ActiveCfg = Release|Any CPU
		{F4061501-E075-4A8A-951A-B6A9782A60F5}.Release|Any CPU.Build.0 = Release|Any CPU
		{42C5A117-FE39-4565-AD8F-C4DB948CF15F}.Debug|Any CPU.ActiveCfg = Debug|Any CPU
		{42C5A117-FE39-4565-AD8F-C4DB948CF15F}.Debug|Any CPU.Build.0 = Debug|Any CPU
		{42C5A117-FE39-4565-AD8F-C4DB948CF15F}.Release|Any CPU.ActiveCfg = Release|Any CPU
		{42C5A117-FE39-4565-AD8F-C4DB948CF15F}.Release|Any CPU.Build.0 = Release|Any CPU
		{B2B719A5-2239-403A-8700-DC1458DC9C73}.Debug|Any CPU.ActiveCfg = Debug|Any CPU
		{B2B719A5-2239-403A-8700-DC1458DC9C73}.Debug|Any CPU.Build.0 = Debug|Any CPU
		{B2B719A5-2239-403A-8700-DC1458DC9C73}.Release|Any CPU.ActiveCfg = Release|Any CPU
		{B2B719A5-2239-403A-8700-DC1458DC9C73}.Release|Any CPU.Build.0 = Release|Any CPU
		{6E0B6885-4CA4-4C5E-975B-4440363FA8F7}.Debug|Any CPU.ActiveCfg = Debug|Any CPU
		{6E0B6885-4CA4-4C5E-975B-4440363FA8F7}.Debug|Any CPU.Build.0 = Debug|Any CPU
		{6E0B6885-4CA4-4C5E-975B-4440363FA8F7}.Release|Any CPU.ActiveCfg = Release|Any CPU
		{6E0B6885-4CA4-4C5E-975B-4440363FA8F7}.Release|Any CPU.Build.0 = Release|Any CPU
		{61259567-A8C5-48A3-9B17-80399AB389D5}.Debug|Any CPU.ActiveCfg = Debug|Any CPU
		{61259567-A8C5-48A3-9B17-80399AB389D5}.Debug|Any CPU.Build.0 = Debug|Any CPU
		{61259567-A8C5-48A3-9B17-80399AB389D5}.Release|Any CPU.ActiveCfg = Release|Any CPU
		{61259567-A8C5-48A3-9B17-80399AB389D5}.Release|Any CPU.Build.0 = Release|Any CPU
		{544F047C-C48B-4E81-B3C9-7F8413A8424C}.Debug|Any CPU.ActiveCfg = Debug|Any CPU
		{544F047C-C48B-4E81-B3C9-7F8413A8424C}.Debug|Any CPU.Build.0 = Debug|Any CPU
		{544F047C-C48B-4E81-B3C9-7F8413A8424C}.Release|Any CPU.ActiveCfg = Release|Any CPU
		{544F047C-C48B-4E81-B3C9-7F8413A8424C}.Release|Any CPU.Build.0 = Release|Any CPU
		{DF552E84-7E97-4E7C-B97D-B19C145068C4}.Debug|Any CPU.ActiveCfg = Debug|Any CPU
		{DF552E84-7E97-4E7C-B97D-B19C145068C4}.Debug|Any CPU.Build.0 = Debug|Any CPU
		{DF552E84-7E97-4E7C-B97D-B19C145068C4}.Release|Any CPU.ActiveCfg = Release|Any CPU
		{DF552E84-7E97-4E7C-B97D-B19C145068C4}.Release|Any CPU.Build.0 = Release|Any CPU
		{B134EA3B-304A-4819-AA44-AD17F68C5158}.Debug|Any CPU.ActiveCfg = Debug|Any CPU
		{B134EA3B-304A-4819-AA44-AD17F68C5158}.Debug|Any CPU.Build.0 = Debug|Any CPU
		{B134EA3B-304A-4819-AA44-AD17F68C5158}.Release|Any CPU.ActiveCfg = Release|Any CPU
		{B134EA3B-304A-4819-AA44-AD17F68C5158}.Release|Any CPU.Build.0 = Release|Any CPU
		{242E482A-7711-4A2F-8D50-B7358BBC454A}.Debug|Any CPU.ActiveCfg = Debug|Any CPU
		{242E482A-7711-4A2F-8D50-B7358BBC454A}.Debug|Any CPU.Build.0 = Debug|Any CPU
		{242E482A-7711-4A2F-8D50-B7358BBC454A}.Release|Any CPU.ActiveCfg = Release|Any CPU
		{242E482A-7711-4A2F-8D50-B7358BBC454A}.Release|Any CPU.Build.0 = Release|Any CPU
		{2296BF09-F2C7-44E5-ADC2-9BB7835AAE71}.Debug|Any CPU.ActiveCfg = Debug|Any CPU
		{2296BF09-F2C7-44E5-ADC2-9BB7835AAE71}.Debug|Any CPU.Build.0 = Debug|Any CPU
		{2296BF09-F2C7-44E5-ADC2-9BB7835AAE71}.Release|Any CPU.ActiveCfg = Release|Any CPU
		{2296BF09-F2C7-44E5-ADC2-9BB7835AAE71}.Release|Any CPU.Build.0 = Release|Any CPU
		{A9EE9848-9D1F-41B6-B90D-C70D41F3A76D}.Debug|Any CPU.ActiveCfg = Debug|Any CPU
		{A9EE9848-9D1F-41B6-B90D-C70D41F3A76D}.Debug|Any CPU.Build.0 = Debug|Any CPU
		{A9EE9848-9D1F-41B6-B90D-C70D41F3A76D}.Release|Any CPU.ActiveCfg = Release|Any CPU
		{A9EE9848-9D1F-41B6-B90D-C70D41F3A76D}.Release|Any CPU.Build.0 = Release|Any CPU
		{E1F88763-FADA-4533-99B2-81307E85A945}.Debug|Any CPU.ActiveCfg = Debug|Any CPU
		{E1F88763-FADA-4533-99B2-81307E85A945}.Debug|Any CPU.Build.0 = Debug|Any CPU
		{E1F88763-FADA-4533-99B2-81307E85A945}.Release|Any CPU.ActiveCfg = Release|Any CPU
		{E1F88763-FADA-4533-99B2-81307E85A945}.Release|Any CPU.Build.0 = Release|Any CPU
		{6B9B635A-3EA5-4C6B-8C2B-7D1E4FC3E71C}.Debug|Any CPU.ActiveCfg = Debug|Any CPU
		{6B9B635A-3EA5-4C6B-8C2B-7D1E4FC3E71C}.Debug|Any CPU.Build.0 = Debug|Any CPU
		{6B9B635A-3EA5-4C6B-8C2B-7D1E4FC3E71C}.Release|Any CPU.ActiveCfg = Release|Any CPU
		{6B9B635A-3EA5-4C6B-8C2B-7D1E4FC3E71C}.Release|Any CPU.Build.0 = Release|Any CPU
		{1BE633F9-9D06-44D0-AD25-F45C6464103A}.Debug|Any CPU.ActiveCfg = Debug|Any CPU
		{1BE633F9-9D06-44D0-AD25-F45C6464103A}.Debug|Any CPU.Build.0 = Debug|Any CPU
		{1BE633F9-9D06-44D0-AD25-F45C6464103A}.Release|Any CPU.ActiveCfg = Release|Any CPU
		{1BE633F9-9D06-44D0-AD25-F45C6464103A}.Release|Any CPU.Build.0 = Release|Any CPU
		{71A4F69C-D1E5-4F0B-8E55-3CF5ADFE1D45}.Debug|Any CPU.ActiveCfg = Debug|Any CPU
		{71A4F69C-D1E5-4F0B-8E55-3CF5ADFE1D45}.Debug|Any CPU.Build.0 = Debug|Any CPU
		{71A4F69C-D1E5-4F0B-8E55-3CF5ADFE1D45}.Release|Any CPU.ActiveCfg = Release|Any CPU
		{71A4F69C-D1E5-4F0B-8E55-3CF5ADFE1D45}.Release|Any CPU.Build.0 = Release|Any CPU
		{5D19D205-9A50-4A8A-AC24-6D355FA2F673}.Debug|Any CPU.ActiveCfg = Debug|Any CPU
		{5D19D205-9A50-4A8A-AC24-6D355FA2F673}.Debug|Any CPU.Build.0 = Debug|Any CPU
		{5D19D205-9A50-4A8A-AC24-6D355FA2F673}.Release|Any CPU.ActiveCfg = Release|Any CPU
		{5D19D205-9A50-4A8A-AC24-6D355FA2F673}.Release|Any CPU.Build.0 = Release|Any CPU
		{A8FDF121-8457-4F8D-A592-1FA5A19BC11B}.Debug|Any CPU.ActiveCfg = Debug|Any CPU
		{A8FDF121-8457-4F8D-A592-1FA5A19BC11B}.Debug|Any CPU.Build.0 = Debug|Any CPU
		{A8FDF121-8457-4F8D-A592-1FA5A19BC11B}.Release|Any CPU.ActiveCfg = Release|Any CPU
		{A8FDF121-8457-4F8D-A592-1FA5A19BC11B}.Release|Any CPU.Build.0 = Release|Any CPU
		{B832135A-C3DC-4AD2-89E1-915AD2136601}.Debug|Any CPU.ActiveCfg = Debug|Any CPU
		{B832135A-C3DC-4AD2-89E1-915AD2136601}.Debug|Any CPU.Build.0 = Debug|Any CPU
		{B832135A-C3DC-4AD2-89E1-915AD2136601}.Release|Any CPU.ActiveCfg = Release|Any CPU
		{B832135A-C3DC-4AD2-89E1-915AD2136601}.Release|Any CPU.Build.0 = Release|Any CPU
		{C7DD766A-F152-420E-BCDA-B5BB888F1633}.Debug|Any CPU.ActiveCfg = Debug|Any CPU
		{C7DD766A-F152-420E-BCDA-B5BB888F1633}.Debug|Any CPU.Build.0 = Debug|Any CPU
		{C7DD766A-F152-420E-BCDA-B5BB888F1633}.Release|Any CPU.ActiveCfg = Release|Any CPU
		{C7DD766A-F152-420E-BCDA-B5BB888F1633}.Release|Any CPU.Build.0 = Release|Any CPU
		{35623AB4-5E26-45EF-A26F-ACF4581A18AC}.Debug|Any CPU.ActiveCfg = Debug|Any CPU
		{35623AB4-5E26-45EF-A26F-ACF4581A18AC}.Debug|Any CPU.Build.0 = Debug|Any CPU
		{35623AB4-5E26-45EF-A26F-ACF4581A18AC}.Release|Any CPU.ActiveCfg = Release|Any CPU
		{35623AB4-5E26-45EF-A26F-ACF4581A18AC}.Release|Any CPU.Build.0 = Release|Any CPU
		{B0225F94-1D94-495A-808F-4AE8391E91E2}.Debug|Any CPU.ActiveCfg = Debug|Any CPU
		{B0225F94-1D94-495A-808F-4AE8391E91E2}.Debug|Any CPU.Build.0 = Debug|Any CPU
		{B0225F94-1D94-495A-808F-4AE8391E91E2}.Release|Any CPU.ActiveCfg = Release|Any CPU
		{B0225F94-1D94-495A-808F-4AE8391E91E2}.Release|Any CPU.Build.0 = Release|Any CPU
		{896F60D6-E7A9-4B7E-8862-E27D2C1FE97D}.Debug|Any CPU.ActiveCfg = Debug|Any CPU
		{896F60D6-E7A9-4B7E-8862-E27D2C1FE97D}.Debug|Any CPU.Build.0 = Debug|Any CPU
		{896F60D6-E7A9-4B7E-8862-E27D2C1FE97D}.Release|Any CPU.ActiveCfg = Release|Any CPU
		{896F60D6-E7A9-4B7E-8862-E27D2C1FE97D}.Release|Any CPU.Build.0 = Release|Any CPU
		{7B0B101F-1E46-4DBE-9A46-BA4CF6129DDD}.Debug|Any CPU.ActiveCfg = Debug|Any CPU
		{7B0B101F-1E46-4DBE-9A46-BA4CF6129DDD}.Debug|Any CPU.Build.0 = Debug|Any CPU
		{7B0B101F-1E46-4DBE-9A46-BA4CF6129DDD}.Release|Any CPU.ActiveCfg = Release|Any CPU
		{7B0B101F-1E46-4DBE-9A46-BA4CF6129DDD}.Release|Any CPU.Build.0 = Release|Any CPU
		{C84FC0B5-A213-48FE-BED9-DECF1E920DD8}.Debug|Any CPU.ActiveCfg = Debug|Any CPU
		{C84FC0B5-A213-48FE-BED9-DECF1E920DD8}.Debug|Any CPU.Build.0 = Debug|Any CPU
		{C84FC0B5-A213-48FE-BED9-DECF1E920DD8}.Release|Any CPU.ActiveCfg = Release|Any CPU
		{C84FC0B5-A213-48FE-BED9-DECF1E920DD8}.Release|Any CPU.Build.0 = Release|Any CPU
		{44D9EB66-49FA-45A6-BDD2-32B2F0E3EF80}.Debug|Any CPU.ActiveCfg = Debug|Any CPU
		{44D9EB66-49FA-45A6-BDD2-32B2F0E3EF80}.Debug|Any CPU.Build.0 = Debug|Any CPU
		{44D9EB66-49FA-45A6-BDD2-32B2F0E3EF80}.Release|Any CPU.ActiveCfg = Release|Any CPU
		{44D9EB66-49FA-45A6-BDD2-32B2F0E3EF80}.Release|Any CPU.Build.0 = Release|Any CPU
		{1BA44FA6-2DEA-4C49-B953-E29945B350C6}.Debug|Any CPU.ActiveCfg = Debug|Any CPU
		{1BA44FA6-2DEA-4C49-B953-E29945B350C6}.Debug|Any CPU.Build.0 = Debug|Any CPU
		{1BA44FA6-2DEA-4C49-B953-E29945B350C6}.Release|Any CPU.ActiveCfg = Release|Any CPU
		{1BA44FA6-2DEA-4C49-B953-E29945B350C6}.Release|Any CPU.Build.0 = Release|Any CPU
		{F98FB466-21BF-41AB-B034-6179788E6ABC}.Debug|Any CPU.ActiveCfg = Debug|Any CPU
		{F98FB466-21BF-41AB-B034-6179788E6ABC}.Debug|Any CPU.Build.0 = Debug|Any CPU
		{F98FB466-21BF-41AB-B034-6179788E6ABC}.Release|Any CPU.ActiveCfg = Release|Any CPU
		{F98FB466-21BF-41AB-B034-6179788E6ABC}.Release|Any CPU.Build.0 = Release|Any CPU
		{51E5F17D-9E4B-4A7D-8C49-E0EC9EAAAFC6}.Debug|Any CPU.ActiveCfg = Debug|Any CPU
		{51E5F17D-9E4B-4A7D-8C49-E0EC9EAAAFC6}.Debug|Any CPU.Build.0 = Debug|Any CPU
		{51E5F17D-9E4B-4A7D-8C49-E0EC9EAAAFC6}.Release|Any CPU.ActiveCfg = Release|Any CPU
		{51E5F17D-9E4B-4A7D-8C49-E0EC9EAAAFC6}.Release|Any CPU.Build.0 = Release|Any CPU
		{11544D87-A5F6-4C84-9018-C3F8ED8150B4}.Debug|Any CPU.ActiveCfg = Debug|Any CPU
		{11544D87-A5F6-4C84-9018-C3F8ED8150B4}.Debug|Any CPU.Build.0 = Debug|Any CPU
		{11544D87-A5F6-4C84-9018-C3F8ED8150B4}.Release|Any CPU.ActiveCfg = Release|Any CPU
		{11544D87-A5F6-4C84-9018-C3F8ED8150B4}.Release|Any CPU.Build.0 = Release|Any CPU
		{7B5EB874-1C4C-4748-BEBD-971FDF92D7F3}.Debug|Any CPU.ActiveCfg = Debug|Any CPU
		{7B5EB874-1C4C-4748-BEBD-971FDF92D7F3}.Debug|Any CPU.Build.0 = Debug|Any CPU
		{7B5EB874-1C4C-4748-BEBD-971FDF92D7F3}.Release|Any CPU.ActiveCfg = Release|Any CPU
		{7B5EB874-1C4C-4748-BEBD-971FDF92D7F3}.Release|Any CPU.Build.0 = Release|Any CPU
		{0533F0CE-003C-4E0C-9577-B348C5115C66}.Debug|Any CPU.ActiveCfg = Debug|Any CPU
		{0533F0CE-003C-4E0C-9577-B348C5115C66}.Debug|Any CPU.Build.0 = Debug|Any CPU
		{0533F0CE-003C-4E0C-9577-B348C5115C66}.Release|Any CPU.ActiveCfg = Release|Any CPU
		{0533F0CE-003C-4E0C-9577-B348C5115C66}.Release|Any CPU.Build.0 = Release|Any CPU
		{43EE1BE3-EBC1-4806-A1E3-143D61985918}.Debug|Any CPU.ActiveCfg = Debug|Any CPU
		{43EE1BE3-EBC1-4806-A1E3-143D61985918}.Debug|Any CPU.Build.0 = Debug|Any CPU
		{43EE1BE3-EBC1-4806-A1E3-143D61985918}.Release|Any CPU.ActiveCfg = Release|Any CPU
		{43EE1BE3-EBC1-4806-A1E3-143D61985918}.Release|Any CPU.Build.0 = Release|Any CPU
		{AB7FCAC9-0DA1-4C40-8C56-A59D172A9592}.Debug|Any CPU.ActiveCfg = Debug|Any CPU
		{AB7FCAC9-0DA1-4C40-8C56-A59D172A9592}.Debug|Any CPU.Build.0 = Debug|Any CPU
		{AB7FCAC9-0DA1-4C40-8C56-A59D172A9592}.Release|Any CPU.ActiveCfg = Release|Any CPU
		{AB7FCAC9-0DA1-4C40-8C56-A59D172A9592}.Release|Any CPU.Build.0 = Release|Any CPU
	EndGlobalSection
	GlobalSection(NestedProjects) = preSolution
		{75C9F1DD-0DE1-4D0D-991B-99B03409C2E4} = {9A41116E-CA7C-4013-8BFC-0E2EDB39ECC4}
		{E03DFF5E-E29E-4652-85BC-22F22D049AFF} = {30403192-0863-4425-AD5E-B218C34615CD}
		{6E0B6885-4CA4-4C5E-975B-4440363FA8F7} = {E03DFF5E-E29E-4652-85BC-22F22D049AFF}
		{B2B719A5-2239-403A-8700-DC1458DC9C73} = {30403192-0863-4425-AD5E-B218C34615CD}
		{6B9B635A-3EA5-4C6B-8C2B-7D1E4FC3E71C} = {30403192-0863-4425-AD5E-B218C34615CD}
		{1BE633F9-9D06-44D0-AD25-F45C6464103A} = {9A41116E-CA7C-4013-8BFC-0E2EDB39ECC4}
		{E25953CA-0390-4DE4-B8AD-BB90076FC71F} = {9A41116E-CA7C-4013-8BFC-0E2EDB39ECC4}
		{71A4F69C-D1E5-4F0B-8E55-3CF5ADFE1D45} = {E25953CA-0390-4DE4-B8AD-BB90076FC71F}
		{5D19D205-9A50-4A8A-AC24-6D355FA2F673} = {9A41116E-CA7C-4013-8BFC-0E2EDB39ECC4}
		{A8FDF121-8457-4F8D-A592-1FA5A19BC11B} = {9A41116E-CA7C-4013-8BFC-0E2EDB39ECC4}
		{35623AB4-5E26-45EF-A26F-ACF4581A18AC} = {30403192-0863-4425-AD5E-B218C34615CD}
		{B0225F94-1D94-495A-808F-4AE8391E91E2} = {E03DFF5E-E29E-4652-85BC-22F22D049AFF}
		{C84FC0B5-A213-48FE-BED9-DECF1E920DD8} = {30403192-0863-4425-AD5E-B218C34615CD}
		{25525962-45A3-40B3-A6F0-5E9542B37000} = {30403192-0863-4425-AD5E-B218C34615CD}
		{44D9EB66-49FA-45A6-BDD2-32B2F0E3EF80} = {25525962-45A3-40B3-A6F0-5E9542B37000}
		{0533F0CE-003C-4E0C-9577-B348C5115C66} = {9A41116E-CA7C-4013-8BFC-0E2EDB39ECC4}
	EndGlobalSection
EndGlobal
